
Microsoft Visual Studio Solution File, Format Version 12.00
# Visual Studio Version 16
VisualStudioVersion = 16.0.32413.511
MinimumVisualStudioVersion = 10.0.40219.1
Project("{8BC9CEB8-8B4A-11D0-8D11-00A0C91BC942}") = "final", "final\final.vcxproj", "{072914B5-A0D1-48B5-96E8-C8C91A577C85}"
EndProject
Global
	GlobalSection(SolutionConfigurationPlatforms) = preSolution
		Debug|x64 = Debug|x64
		Debug|x86 = Debug|x86
		Release|x64 = Release|x64
		Release|x86 = Release|x86
	EndGlobalSection
	GlobalSection(ProjectConfigurationPlatforms) = postSolution
		{072914B5-A0D1-48B5-96E8-C8C91A577C85}.Debug|x64.ActiveCfg = Debug|x64
		{072914B5-A0D1-48B5-96E8-C8C91A577C85}.Debug|x64.Build.0 = Debug|x64
		{072914B5-A0D1-48B5-96E8-C8C91A577C85}.Debug|x86.ActiveCfg = Debug|Win32
		{072914B5-A0D1-48B5-96E8-C8C91A577C85}.Debug|x86.Build.0 = Debug|Win32
		{072914B5-A0D1-48B5-96E8-C8C91A577C85}.Release|x64.ActiveCfg = Release|x64
		{072914B5-A0D1-48B5-96E8-C8C91A577C85}.Release|x64.Build.0 = Release|x64
		{072914B5-A0D1-48B5-96E8-C8C91A577C85}.Release|x86.ActiveCfg = Release|Win32
		{072914B5-A0D1-48B5-96E8-C8C91A577C85}.Release|x86.Build.0 = Release|Win32
	EndGlobalSection
	GlobalSection(SolutionProperties) = preSolution
		HideSolutionNode = FALSE
	EndGlobalSection
	GlobalSection(ExtensibilityGlobals) = postSolution
		SolutionGuid = {7F0ECB4E-9F3D-43BB-9E3F-BB45D0BBE83A}
	EndGlobalSection
EndGlobal
